
Microsoft Visual Studio Solution File, Format Version 12.00
# Visual Studio Version 16
VisualStudioVersion = 16.0.30523.141
MinimumVisualStudioVersion = 10.0.40219.1
Project("{FAE04EC0-301F-11D3-BF4B-00C04F79EFBC}") = "00_Assignment_ASC", "00_Assignment_ASC.csproj", "{858803A2-7AF5-4041-9140-823DAB0D9BF1}"
EndProject
Global
	GlobalSection(SolutionConfigurationPlatforms) = preSolution
		Debug|Any CPU = Debug|Any CPU
		Release|Any CPU = Release|Any CPU
	EndGlobalSection
	GlobalSection(ProjectConfigurationPlatforms) = postSolution
		{858803A2-7AF5-4041-9140-823DAB0D9BF1}.Debug|Any CPU.ActiveCfg = Debug|Any CPU
		{858803A2-7AF5-4041-9140-823DAB0D9BF1}.Debug|Any CPU.Build.0 = Debug|Any CPU
		{858803A2-7AF5-4041-9140-823DAB0D9BF1}.Release|Any CPU.ActiveCfg = Release|Any CPU
		{858803A2-7AF5-4041-9140-823DAB0D9BF1}.Release|Any CPU.Build.0 = Release|Any CPU
	EndGlobalSection
	GlobalSection(SolutionProperties) = preSolution
		HideSolutionNode = FALSE
	EndGlobalSection
	GlobalSection(ExtensibilityGlobals) = postSolution
		SolutionGuid = {D9829569-A97E-43BF-B0DA-D115B0318F61}
	EndGlobalSection
EndGlobal
