
Microsoft Visual Studio Solution File, Format Version 12.00
# Visual Studio Version 16
VisualStudioVersion = 16.0.30523.141
MinimumVisualStudioVersion = 10.0.40219.1
Project("{FAE04EC0-301F-11D3-BF4B-00C04F79EFBC}") = "07_Assingment_ASC_BTe", "07_Assingment_ASC_BTe.csproj", "{01F52FBC-0BA4-469B-954A-34AEDD9CCC8B}"
EndProject
Global
	GlobalSection(SolutionConfigurationPlatforms) = preSolution
		Debug|Any CPU = Debug|Any CPU
		Release|Any CPU = Release|Any CPU
	EndGlobalSection
	GlobalSection(ProjectConfigurationPlatforms) = postSolution
		{01F52FBC-0BA4-469B-954A-34AEDD9CCC8B}.Debug|Any CPU.ActiveCfg = Debug|Any CPU
		{01F52FBC-0BA4-469B-954A-34AEDD9CCC8B}.Debug|Any CPU.Build.0 = Debug|Any CPU
		{01F52FBC-0BA4-469B-954A-34AEDD9CCC8B}.Release|Any CPU.ActiveCfg = Release|Any CPU
		{01F52FBC-0BA4-469B-954A-34AEDD9CCC8B}.Release|Any CPU.Build.0 = Release|Any CPU
	EndGlobalSection
	GlobalSection(SolutionProperties) = preSolution
		HideSolutionNode = FALSE
	EndGlobalSection
	GlobalSection(ExtensibilityGlobals) = postSolution
		SolutionGuid = {4CF9FF71-276C-4817-B230-5695A066B9CF}
	EndGlobalSection
EndGlobal
