
Microsoft Visual Studio Solution File, Format Version 12.00
# Visual Studio Version 16
VisualStudioVersion = 16.0.30523.141
MinimumVisualStudioVersion = 10.0.40219.1
Project("{FAE04EC0-301F-11D3-BF4B-00C04F79EFBC}") = "06_Assingment_RPN", "06_Assingment_RPN.csproj", "{0FDF8FEA-05E6-4548-8841-84540C09BE02}"
EndProject
Global
	GlobalSection(SolutionConfigurationPlatforms) = preSolution
		Debug|Any CPU = Debug|Any CPU
		Release|Any CPU = Release|Any CPU
	EndGlobalSection
	GlobalSection(ProjectConfigurationPlatforms) = postSolution
		{0FDF8FEA-05E6-4548-8841-84540C09BE02}.Debug|Any CPU.ActiveCfg = Debug|Any CPU
		{0FDF8FEA-05E6-4548-8841-84540C09BE02}.Debug|Any CPU.Build.0 = Debug|Any CPU
		{0FDF8FEA-05E6-4548-8841-84540C09BE02}.Release|Any CPU.ActiveCfg = Release|Any CPU
		{0FDF8FEA-05E6-4548-8841-84540C09BE02}.Release|Any CPU.Build.0 = Release|Any CPU
	EndGlobalSection
	GlobalSection(SolutionProperties) = preSolution
		HideSolutionNode = FALSE
	EndGlobalSection
	GlobalSection(ExtensibilityGlobals) = postSolution
		SolutionGuid = {D258B879-C428-45C8-80DF-1A6F663D391B}
	EndGlobalSection
EndGlobal
